PODS:
  - AFNetworking (3.1.0):
    - AFNetworking/NSURLSession (= 3.1.0)
    - AFNetworking/Reachability (= 3.1.0)
    - AFNetworking/Security (= 3.1.0)
    - AFNetworking/Serialization (= 3.1.0)
    - AFNetworking/UIKit (= 3.1.0)
  - AFNetworking/NSURLSession (3.1.0):
    - AFNetworking/Reachability
    - AFNetworking/Security
    - AFNetworking/Serialization
  - AFNetworking/Reachability (3.1.0)
  - AFNetworking/Security (3.1.0)
  - AFNetworking/Serialization (3.1.0)
  - AFNetworking/UIKit (3.1.0):
    - AFNetworking/NSURLSession
  - Crashlytics (3.9.3):
    - Fabric (~> 1.7.2)
  - Fabric (1.7.2)
  - GoogleMaps (2.5.0):
    - GoogleMaps/Maps (= 2.5.0)
  - GoogleMaps/Base (2.5.0)
  - GoogleMaps/Maps (2.5.0):
    - GoogleMaps/Base
  - GrowingTextView (0.5.3)
  - HCSStarRatingView (1.5)
  - IQKeyboardManager (5.0.6)
  - Mixpanel (3.2.3)
  - OneSignal (2.5.7)
  - SVProgressHUD (2.2.2)
  - SVPullToRefresh (0.4.1)
  - TTTAttributedLabel (2.0.0)
  - UITextView+Placeholder (1.2.0)
  - UIView+Shake (1.4.0)

DEPENDENCIES:
  - AFNetworking
  - Crashlytics
  - Fabric
  - GoogleMaps
  - GrowingTextView
  - HCSStarRatingView
  - IQKeyboardManager
  - Mixpanel
  - OneSignal
  - SVProgressHUD
  - SVPullToRefresh
  - TTTAttributedLabel
  - UITextView+Placeholder (~> 1.2)
  - UIView+Shake

SPEC CHECKSUMS:
  AFNetworking: 5e0e199f73d8626b11e79750991f5d173d1f8b67
  Crashlytics: dbb07d01876c171c5ccbdf7826410380189e452c
  Fabric: 9cd6a848efcf1b8b07497e0b6a2e7d336353ba15
  GoogleMaps: c087b8e5dfe87ca6ebf59adb9b4894a4146bec4f
  GrowingTextView: fd5cd2af28d4ba60676bb15186edf3a6b36fa85b
  HCSStarRatingView: 1d18f79654735514cd6f00e6d90e38cb6320dc31
  IQKeyboardManager: 077b7f691dfa9d69db9cff66f2bed68ebfc02d9b
  Mixpanel: 7bd8e176f088936bf6e283ade0d1f512f8e723bc
  OneSignal: 5be2eb3394e654b7467a190fe4d58147fc46bb78
  SVProgressHUD: 59b2d3dabacbd051576d21d32293ca7228dc18b0
  SVPullToRefresh: ba2e718695a43253d8bea6852d2960097dc15d8c
  TTTAttributedLabel: 8cffe8e127e4e82ff3af1e5386d4cd0ad000b656
  UITextView+Placeholder: 77680995fcdd07c3f52ec92fe1150874a2ac89ff
  UIView+Shake: 055ad67721de1f74d29c0a1d464697e505dfc62f

PODFILE CHECKSUM: fed212bc1ffedc2dd4005ddd7cefa07ecf9da6a8

COCOAPODS: 1.3.1
